
Microsoft Visual Studio Solution File, Format Version 12.00
# Visual Studio Version 17
VisualStudioVersion = 17.3.32901.215
MinimumVisualStudioVersion = 10.0.40219.1
Project("{FAE04EC0-301F-11D3-BF4B-00C04F79EFBC}") = "ornek2", "ornek2\ornek2.csproj", "{8005DA0E-AC54-46AD-9B66-18B58DF58F9B}"
EndProject
Global
	GlobalSection(SolutionConfigurationPlatforms) = preSolution
		Debug|Any CPU = Debug|Any CPU
		Release|Any CPU = Release|Any CPU
	EndGlobalSection
	GlobalSection(ProjectConfigurationPlatforms) = postSolution
		{8005DA0E-AC54-46AD-9B66-18B58DF58F9B}.Debug|Any CPU.ActiveCfg = Debug|Any CPU
		{8005DA0E-AC54-46AD-9B66-18B58DF58F9B}.Debug|Any CPU.Build.0 = Debug|Any CPU
		{8005DA0E-AC54-46AD-9B66-18B58DF58F9B}.Release|Any CPU.ActiveCfg = Release|Any CPU
		{8005DA0E-AC54-46AD-9B66-18B58DF58F9B}.Release|Any CPU.Build.0 = Release|Any CPU
	EndGlobalSection
	GlobalSection(SolutionProperties) = preSolution
		HideSolutionNode = FALSE
	EndGlobalSection
	GlobalSection(ExtensibilityGlobals) = postSolution
		SolutionGuid = {EAB8E3B9-4B72-423C-9371-C1FF45E49F25}
	EndGlobalSection
EndGlobal
